// !$*UTF8*$!
{
	archiveVersion = 1;
	classes = {
	};
	objectVersion = 70;
	objects = {

/* Begin PBXBuildFile section */
		AA000000000000000000A102 /* KanjiWatch Watch App.app in Embed Watch Content */ = {isa = PBXBuildFile; fileRef = AA000000000000000000A001 /* KanjiWatch Watch App.app */; settings = {ATTRIBUTES = (RemoveHeadersOnCopy, ); }; };
		7C1663AF305D99DA00B5EE3D /* ComplicationFeature in Frameworks */ = {isa = PBXBuildFile; productRef = AA0000000000000000001008 /* ComplicationFeature */; };
		7C1663B0305D99DA00B5EE3D /* KanjiData in Frameworks */ = {isa = PBXBuildFile; productRef = AA0000000000000000001009 /* KanjiData */; };
		7C1663B1305D99DA00B5EE3D /* KanjiDomain in Frameworks */ = {isa = PBXBuildFile; productRef = AA000000000000000000100A /* KanjiDomain */; };
		7C1663B2305D99DA00B5EE3D /* StudyFeature in Frameworks */ = {isa = PBXBuildFile; productRef = AA0000000000000000001001 /* StudyFeature */; };
		7C1663B3305D99DA00B5EE3D /* SettingsFeature in Frameworks */ = {isa = PBXBuildFile; productRef = AA0000000000000000001005 /* SettingsFeature */; };
		7C1663B4305D99DA00B5EE3D /* KanjiPurchases in Frameworks */ = {isa = PBXBuildFile; productRef = AA0000000000000000001006 /* KanjiPurchases */; };
		7C1663B5305D99DA00B5EE3D /* PaywallFeature in Frameworks */ = {isa = PBXBuildFile; productRef = AA0000000000000000001007 /* PaywallFeature */; };
		7C1663B6305D99DA00B5EE3D /* KanjiData in Frameworks */ = {isa = PBXBuildFile; productRef = AA0000000000000000001002 /* KanjiData */; };
		7C1663B7305D99DA00B5EE3D /* KanjiDomain in Frameworks */ = {isa = PBXBuildFile; productRef = AA0000000000000000001003 /* KanjiDomain */; };
		7C1663B8305D99DA00B5EE3D /* DesignSystem in Frameworks */ = {isa = PBXBuildFile; productRef = AA0000000000000000001004 /* DesignSystem */; };
		AA000000000000000000A101 /* KanjiWatch Complications.appex in Embed Foundation Extensions */ = {isa = PBXBuildFile; fileRef = AA000000000000000000A002 /* KanjiWatch Complications.appex */; settings = {ATTRIBUTES = (RemoveHeadersOnCopy, ); }; };
/* End PBXBuildFile section */

/* Begin PBXContainerItemProxy section */
		AA000000000000000000D104 /* PBXContainerItemProxy */ = {
			isa = PBXContainerItemProxy;
			containerPortal = AA000000000000000000FF01 /* Project object */;
			proxyType = 1;
			remoteGlobalIDString = AA000000000000000000E001;
			remoteInfo = "KanjiWatch Watch App";
		};
		AA000000000000000000D102 /* PBXContainerItemProxy */ = {
			isa = PBXContainerItemProxy;
			containerPortal = AA000000000000000000FF01 /* Project object */;
			proxyType = 1;
			remoteGlobalIDString = AA000000000000000000E002;
			remoteInfo = "KanjiWatch Complications";
		};
/* End PBXContainerItemProxy section */

/* Begin PBXCopyFilesBuildPhase section */
		AA000000000000000000C024 /* Embed Watch Content */ = {
			isa = PBXCopyFilesBuildPhase;
			buildActionMask = 2147483647;
			dstPath = "$(CONTENTS_FOLDER_PATH)/Watch";
			dstSubfolderSpec = 16;
			files = (
				AA000000000000000000A102 /* KanjiWatch Watch App.app in Embed Watch Content */,
			);
			name = "Embed Watch Content";
			runOnlyForDeploymentPostprocessing = 0;
		};
		AA000000000000000000C004 /* Embed Foundation Extensions */ = {
			isa = PBXCopyFilesBuildPhase;
			buildActionMask = 2147483647;
			dstPath = "";
			dstSubfolderSpec = 13;
			files = (
				AA000000000000000000A101 /* KanjiWatch Complications.appex in Embed Foundation Extensions */,
			);
			name = "Embed Foundation Extensions";
			runOnlyForDeploymentPostprocessing = 0;
		};
/* End PBXCopyFilesBuildPhase section */

/* Begin PBXFileReference section */
		AA000000000000000000A003 /* KanjiWatch.app */ = {isa = PBXFileReference; explicitFileType = wrapper.application; includeInIndex = 0; path = KanjiWatch.app; sourceTree = BUILT_PRODUCTS_DIR; };
		AA000000000000000000A001 /* KanjiWatch Watch App.app */ = {isa = PBXFileReference; explicitFileType = wrapper.application; includeInIndex = 0; path = "KanjiWatch Watch App.app"; sourceTree = BUILT_PRODUCTS_DIR; };
		AA000000000000000000A002 /* KanjiWatch Complications.appex */ = {isa = PBXFileReference; explicitFileType = "wrapper.app-extension"; includeInIndex = 0; path = "KanjiWatch Complications.appex"; sourceTree = BUILT_PRODUCTS_DIR; };
/* End PBXFileReference section */

/* Begin PBXFileSystemSynchronizedBuildFileExceptionSet section */
		AA000000000000000000B102 /* PBXFileSystemSynchronizedBuildFileExceptionSet */ = {
			isa = PBXFileSystemSynchronizedBuildFileExceptionSet;
			membershipExceptions = (
				Info.plist,
			);
			target = AA000000000000000000E002 /* KanjiWatch Complications */;
		};
/* End PBXFileSystemSynchronizedBuildFileExceptionSet section */

/* Begin PBXFileSystemSynchronizedRootGroup section */
		AA000000000000000000B001 /* KanjiWatch Watch App */ = {isa = PBXFileSystemSynchronizedRootGroup; explicitFileTypes = {}; explicitFolders = (); path = "KanjiWatch Watch App"; sourceTree = "<group>"; };
		AA000000000000000000B002 /* KanjiWatch Complications */ = {isa = PBXFileSystemSynchronizedRootGroup; exceptions = (AA000000000000000000B102 /* PBXFileSystemSynchronizedBuildFileExceptionSet */, ); explicitFileTypes = {}; explicitFolders = (); path = "KanjiWatch Complications"; sourceTree = "<group>"; };
/* End PBXFileSystemSynchronizedRootGroup section */

/* Begin PBXFrameworksBuildPhase section */
		AA000000000000000000C001 /* Frameworks */ = {
			isa = PBXFrameworksBuildPhase;
			buildActionMask = 2147483647;
			files = (
				7C1663B8305D99DA00B5EE3D /* DesignSystem in Frameworks */,
				7C1663B7305D99DA00B5EE3D /* KanjiDomain in Frameworks */,
				7C1663B6305D99DA00B5EE3D /* KanjiData in Frameworks */,
				7C1663B5305D99DA00B5EE3D /* PaywallFeature in Frameworks */,
				7C1663B4305D99DA00B5EE3D /* KanjiPurchases in Frameworks */,
				7C1663B3305D99DA00B5EE3D /* SettingsFeature in Frameworks */,
				7C1663B2305D99DA00B5EE3D /* StudyFeature in Frameworks */,
			);
			runOnlyForDeploymentPostprocessing = 0;
		};
		AA000000000000000000C011 /* Frameworks */ = {
			isa = PBXFrameworksBuildPhase;
			buildActionMask = 2147483647;
			files = (
				7C1663B1305D99DA00B5EE3D /* KanjiDomain in Frameworks */,
				7C1663B0305D99DA00B5EE3D /* KanjiData in Frameworks */,
				7C1663AF305D99DA00B5EE3D /* ComplicationFeature in Frameworks */,
			);
			runOnlyForDeploymentPostprocessing = 0;
		};
/* End PBXFrameworksBuildPhase section */

/* Begin PBXGroup section */
		AA000000000000000000D001 = {
			isa = PBXGroup;
			children = (
				AA000000000000000000B001 /* KanjiWatch Watch App */,
				AA000000000000000000B002 /* KanjiWatch Complications */,
				AA000000000000000000D002 /* Products */,
			);
			sourceTree = "<group>";
		};
		AA000000000000000000D002 /* Products */ = {
			isa = PBXGroup;
			children = (
				AA000000000000000000A001 /* KanjiWatch Watch App.app */,
				AA000000000000000000A003 /* KanjiWatch.app */,
				AA000000000000000000A002 /* KanjiWatch Complications.appex */,
			);
			name = Products;
			sourceTree = "<group>";
		};
/* End PBXGroup section */

/* Begin PBXNativeTarget section */
		AA000000000000000000E003 /* KanjiWatch */ = {
			isa = PBXNativeTarget;
			buildConfigurationList = AA000000000000000000F004 /* Build configuration list for PBXNativeTarget "KanjiWatch" */;
			buildPhases = (
				AA000000000000000000C023 /* Resources */,
				AA000000000000000000C024 /* Embed Watch Content */,
			);
			buildRules = (
			);
			dependencies = (
				AA000000000000000000D103 /* PBXTargetDependency */,
			);
			name = KanjiWatch;
			productName = KanjiWatch;
			productReference = AA000000000000000000A003 /* KanjiWatch.app */;
			productType = "com.apple.product-type.application.watchapp2-container";
		};
		AA000000000000000000E001 /* KanjiWatch Watch App */ = {
			isa = PBXNativeTarget;
			buildConfigurationList = AA000000000000000000F002 /* Build configuration list for PBXNativeTarget "KanjiWatch Watch App" */;
			buildPhases = (
				AA000000000000000000C002 /* Sources */,
				AA000000000000000000C001 /* Frameworks */,
				AA000000000000000000C003 /* Resources */,
				AA000000000000000000C004 /* Embed Foundation Extensions */,
			);
			buildRules = (
			);
			dependencies = (
				AA000000000000000000D101 /* PBXTargetDependency */,
			);
			fileSystemSynchronizedGroups = (
				AA000000000000000000B001 /* KanjiWatch Watch App */,
			);
			name = "KanjiWatch Watch App";
			packageProductDependencies = (
				AA0000000000000000001001 /* StudyFeature */,
				AA0000000000000000001005 /* SettingsFeature */,
				AA0000000000000000001006 /* KanjiPurchases */,
				AA0000000000000000001007 /* PaywallFeature */,
				AA0000000000000000001002 /* KanjiData */,
				AA0000000000000000001003 /* KanjiDomain */,
				AA0000000000000000001004 /* DesignSystem */,
			);
			productName = "KanjiWatch Watch App";
			productReference = AA000000000000000000A001 /* KanjiWatch Watch App.app */;
			productType = "com.apple.product-type.application";
		};
		AA000000000000000000E002 /* KanjiWatch Complications */ = {
			isa = PBXNativeTarget;
			buildConfigurationList = AA000000000000000000F003 /* Build configuration list for PBXNativeTarget "KanjiWatch Complications" */;
			buildPhases = (
				AA000000000000000000C012 /* Sources */,
				AA000000000000000000C011 /* Frameworks */,
				AA000000000000000000C013 /* Resources */,
			);
			buildRules = (
			);
			dependencies = (
			);
			fileSystemSynchronizedGroups = (
				AA000000000000000000B002 /* KanjiWatch Complications */,
			);
			name = "KanjiWatch Complications";
			packageProductDependencies = (
				AA0000000000000000001008 /* ComplicationFeature */,
				AA0000000000000000001009 /* KanjiData */,
				AA000000000000000000100A /* KanjiDomain */,
			);
			productName = "KanjiWatch Complications";
			productReference = AA000000000000000000A002 /* KanjiWatch Complications.appex */;
			productType = "com.apple.product-type.app-extension";
		};
/* End PBXNativeTarget section */

/* Begin PBXProject section */
		AA000000000000000000FF01 /* Project object */ = {
			isa = PBXProject;
			attributes = {
				BuildIndependentTargetsInParallel = 1;
				LastSwiftUpdateCheck = 2650;
				LastUpgradeCheck = 2650;
				TargetAttributes = {
					AA000000000000000000E003 = {
						CreatedOnToolsVersion = 26.5;
					};
					AA000000000000000000E001 = {
						CreatedOnToolsVersion = 26.5;
					};
					AA000000000000000000E002 = {
						CreatedOnToolsVersion = 26.5;
					};
				};
			};
			buildConfigurationList = AA000000000000000000F001 /* Build configuration list for PBXProject "KanjiWatch" */;
			compatibilityVersion = "Xcode 15.0";
			developmentRegion = en;
			hasScannedForEncodings = 0;
			knownRegions = (
				en,
				it,
				Base,
			);
			mainGroup = AA000000000000000000D001;
			minimizedProjectReferenceProxies = 1;
			packageReferences = (
				AA0000000000000000002001 /* XCLocalSwiftPackageReference "KanjiKit" */,
			);
			productRefGroup = AA000000000000000000D002 /* Products */;
			projectDirPath = "";
			projectRoot = "";
			targets = (
				AA000000000000000000E003 /* KanjiWatch */,
				AA000000000000000000E001 /* KanjiWatch Watch App */,
				AA000000000000000000E002 /* KanjiWatch Complications */,
			);
		};
/* End PBXProject section */

/* Begin PBXResourcesBuildPhase section */
		AA000000000000000000C023 /* Resources */ = {
			isa = PBXResourcesBuildPhase;
			buildActionMask = 2147483647;
			files = (
			);
			runOnlyForDeploymentPostprocessing = 0;
		};
		AA000000000000000000C003 /* Resources */ = {
			isa = PBXResourcesBuildPhase;
			buildActionMask = 2147483647;
			files = (
			);
			runOnlyForDeploymentPostprocessing = 0;
		};
		AA000000000000000000C013 /* Resources */ = {
			isa = PBXResourcesBuildPhase;
			buildActionMask = 2147483647;
			files = (
			);
			runOnlyForDeploymentPostprocessing = 0;
		};
/* End PBXResourcesBuildPhase section */

/* Begin PBXSourcesBuildPhase section */
		AA000000000000000000C002 /* Sources */ = {
			isa = PBXSourcesBuildPhase;
			buildActionMask = 2147483647;
			files = (
			);
			runOnlyForDeploymentPostprocessing = 0;
		};
		AA000000000000000000C012 /* Sources */ = {
			isa = PBXSourcesBuildPhase;
			buildActionMask = 2147483647;
			files = (
			);
			runOnlyForDeploymentPostprocessing = 0;
		};
/* End PBXSourcesBuildPhase section */

/* Begin PBXTargetDependency section */
		AA000000000000000000D103 /* PBXTargetDependency */ = {
			isa = PBXTargetDependency;
			target = AA000000000000000000E001 /* KanjiWatch Watch App */;
			targetProxy = AA000000000000000000D104 /* PBXContainerItemProxy */;
		};
		AA000000000000000000D101 /* PBXTargetDependency */ = {
			isa = PBXTargetDependency;
			target = AA000000000000000000E002 /* KanjiWatch Complications */;
			targetProxy = AA000000000000000000D102 /* PBXContainerItemProxy */;
		};
/* End PBXTargetDependency section */

/* Begin XCBuildConfiguration section */
		AA000000000000000000F401 /* Debug */ = {
			isa = XCBuildConfiguration;
			buildSettings = {
				CODE_SIGN_STYLE = Automatic;
				CURRENT_PROJECT_VERSION = 1;
				DEVELOPMENT_TEAM = BBZU37T9NT;
				GENERATE_INFOPLIST_FILE = YES;
				INFOPLIST_KEY_CFBundleDisplayName = "Kanji Watch";
				INFOPLIST_KEY_ITSAppUsesNonExemptEncryption = NO;
				IPHONEOS_DEPLOYMENT_TARGET = 26.0;
				MARKETING_VERSION = 1.0;
				PRODUCT_BUNDLE_IDENTIFIER = com.marcolp.KanjiWatch;
				PRODUCT_NAME = "$(TARGET_NAME)";
				SDKROOT = iphoneos;
				TARGETED_DEVICE_FAMILY = 1;
			};
			name = Debug;
		};
		AA000000000000000000F402 /* Release */ = {
			isa = XCBuildConfiguration;
			buildSettings = {
				CODE_SIGN_STYLE = Automatic;
				CURRENT_PROJECT_VERSION = 1;
				DEVELOPMENT_TEAM = BBZU37T9NT;
				GENERATE_INFOPLIST_FILE = YES;
				INFOPLIST_KEY_CFBundleDisplayName = "Kanji Watch";
				INFOPLIST_KEY_ITSAppUsesNonExemptEncryption = NO;
				IPHONEOS_DEPLOYMENT_TARGET = 26.0;
				MARKETING_VERSION = 1.0;
				PRODUCT_BUNDLE_IDENTIFIER = com.marcolp.KanjiWatch;
				PRODUCT_NAME = "$(TARGET_NAME)";
				SDKROOT = iphoneos;
				TARGETED_DEVICE_FAMILY = 1;
			};
			name = Release;
		};
		AA000000000000000000F101 /* Debug */ = {
			isa = XCBuildConfiguration;
			buildSettings = {
				ALWAYS_SEARCH_USER_PATHS = NO;
				CLANG_ENABLE_OBJC_WEAK = YES;
				COPY_PHASE_STRIP = NO;
				DEBUG_INFORMATION_FORMAT = dwarf;
				ENABLE_STRICT_OBJC_MSGSEND = YES;
				ENABLE_TESTABILITY = YES;
				ENABLE_USER_SCRIPT_SANDBOXING = YES;
				GCC_NO_COMMON_BLOCKS = YES;
				GCC_OPTIMIZATION_LEVEL = 0;
				GCC_PREPROCESSOR_DEFINITIONS = (
					"DEBUG=1",
					"$(inherited)",
				);
				LOCALIZATION_PREFERS_STRING_CATALOGS = YES;
				MTL_ENABLE_DEBUG_INFO = INCLUDE_SOURCE;
				MTL_FAST_MATH = YES;
				ONLY_ACTIVE_ARCH = YES;
				SDKROOT = watchos;
				SWIFT_ACTIVE_COMPILATION_CONDITIONS = "DEBUG $(inherited)";
				SWIFT_APPROACHABLE_CONCURRENCY = YES;
				SWIFT_DEFAULT_ACTOR_ISOLATION = MainActor;
				SWIFT_OPTIMIZATION_LEVEL = "-Onone";
				SWIFT_STRICT_CONCURRENCY = complete;
				SWIFT_VERSION = 6.0;
				WATCHOS_DEPLOYMENT_TARGET = 26.0;
			};
			name = Debug;
		};
		AA000000000000000000F102 /* Release */ = {
			isa = XCBuildConfiguration;
			buildSettings = {
				ALWAYS_SEARCH_USER_PATHS = NO;
				CLANG_ENABLE_OBJC_WEAK = YES;
				COPY_PHASE_STRIP = NO;
				DEBUG_INFORMATION_FORMAT = "dwarf-with-dsym";
				ENABLE_NS_ASSERTIONS = NO;
				ENABLE_STRICT_OBJC_MSGSEND = YES;
				ENABLE_USER_SCRIPT_SANDBOXING = YES;
				GCC_NO_COMMON_BLOCKS = YES;
				LOCALIZATION_PREFERS_STRING_CATALOGS = YES;
				MTL_ENABLE_DEBUG_INFO = NO;
				MTL_FAST_MATH = YES;
				SDKROOT = watchos;
				SWIFT_APPROACHABLE_CONCURRENCY = YES;
				SWIFT_COMPILATION_MODE = wholemodule;
				SWIFT_DEFAULT_ACTOR_ISOLATION = MainActor;
				SWIFT_STRICT_CONCURRENCY = complete;
				SWIFT_VERSION = 6.0;
				VALIDATE_PRODUCT = YES;
				WATCHOS_DEPLOYMENT_TARGET = 26.0;
			};
			name = Release;
		};
		AA000000000000000000F201 /* Debug */ = {
			isa = XCBuildConfiguration;
			buildSettings = {
				ASSETCATALOG_COMPILER_APPICON_NAME = AppIcon;
				ASSETCATALOG_COMPILER_GLOBAL_ACCENT_COLOR_NAME = AccentColor;
				CODE_SIGN_ENTITLEMENTS = "KanjiWatch Watch App/KanjiWatch Watch App.entitlements";
				CODE_SIGN_STYLE = Automatic;
				CURRENT_PROJECT_VERSION = 1;
				DEVELOPMENT_TEAM = BBZU37T9NT;
				ENABLE_PREVIEWS = YES;
				GENERATE_INFOPLIST_FILE = YES;
				INFOPLIST_KEY_CFBundleDisplayName = "Kanji Watch";
				INFOPLIST_KEY_UISupportedInterfaceOrientations = "UIInterfaceOrientationPortrait UIInterfaceOrientationPortraitUpsideDown";
				INFOPLIST_KEY_WKApplication = YES;
				INFOPLIST_KEY_WKCompanionAppBundleIdentifier = com.marcolp.KanjiWatch;
				INFOPLIST_KEY_WKWatchOnly = YES;
				MARKETING_VERSION = 1.0;
				PRODUCT_BUNDLE_IDENTIFIER = com.marcolp.KanjiWatch.watchkitapp;
				PRODUCT_NAME = "$(TARGET_NAME)";
				SKIP_INSTALL = YES;
				SUPPORTED_PLATFORMS = "watchos watchsimulator";
				SWIFT_EMIT_LOC_STRINGS = YES;
				TARGETED_DEVICE_FAMILY = 4;
			};
			name = Debug;
		};
		AA000000000000000000F202 /* Release */ = {
			isa = XCBuildConfiguration;
			buildSettings = {
				ASSETCATALOG_COMPILER_APPICON_NAME = AppIcon;
				ASSETCATALOG_COMPILER_GLOBAL_ACCENT_COLOR_NAME = AccentColor;
				CODE_SIGN_ENTITLEMENTS = "KanjiWatch Watch App/KanjiWatch Watch App.entitlements";
				CODE_SIGN_STYLE = Automatic;
				CURRENT_PROJECT_VERSION = 1;
				DEVELOPMENT_TEAM = BBZU37T9NT;
				ENABLE_PREVIEWS = YES;
				GENERATE_INFOPLIST_FILE = YES;
				INFOPLIST_KEY_CFBundleDisplayName = "Kanji Watch";
				INFOPLIST_KEY_UISupportedInterfaceOrientations = "UIInterfaceOrientationPortrait UIInterfaceOrientationPortraitUpsideDown";
				INFOPLIST_KEY_WKApplication = YES;
				INFOPLIST_KEY_WKCompanionAppBundleIdentifier = com.marcolp.KanjiWatch;
				INFOPLIST_KEY_WKWatchOnly = YES;
				MARKETING_VERSION = 1.0;
				PRODUCT_BUNDLE_IDENTIFIER = com.marcolp.KanjiWatch.watchkitapp;
				PRODUCT_NAME = "$(TARGET_NAME)";
				SKIP_INSTALL = YES;
				SUPPORTED_PLATFORMS = "watchos watchsimulator";
				SWIFT_EMIT_LOC_STRINGS = YES;
				TARGETED_DEVICE_FAMILY = 4;
			};
			name = Release;
		};
		AA000000000000000000F301 /* Debug */ = {
			isa = XCBuildConfiguration;
			buildSettings = {
				CODE_SIGN_ENTITLEMENTS = "KanjiWatch Complications/KanjiWatch Complications.entitlements";
				CODE_SIGN_STYLE = Automatic;
				CURRENT_PROJECT_VERSION = 1;
				DEVELOPMENT_TEAM = BBZU37T9NT;
				GENERATE_INFOPLIST_FILE = YES;
				INFOPLIST_FILE = "KanjiWatch Complications/Info.plist";
				INFOPLIST_KEY_CFBundleDisplayName = "Kanji Watch";
				LD_RUNPATH_SEARCH_PATHS = (
					"$(inherited)",
					"@executable_path/Frameworks",
					"@executable_path/../../Frameworks",
				);
				MARKETING_VERSION = 1.0;
				PRODUCT_BUNDLE_IDENTIFIER = com.marcolp.KanjiWatch.watchkitapp.complications;
				PRODUCT_NAME = "$(TARGET_NAME)";
				SKIP_INSTALL = YES;
				SUPPORTED_PLATFORMS = "watchos watchsimulator";
				SWIFT_DEFAULT_ACTOR_ISOLATION = nonisolated;
				SWIFT_EMIT_LOC_STRINGS = YES;
				TARGETED_DEVICE_FAMILY = 4;
			};
			name = Debug;
		};
		AA000000000000000000F302 /* Release */ = {
			isa = XCBuildConfiguration;
			buildSettings = {
				CODE_SIGN_ENTITLEMENTS = "KanjiWatch Complications/KanjiWatch Complications.entitlements";
				CODE_SIGN_STYLE = Automatic;
				CURRENT_PROJECT_VERSION = 1;
				DEVELOPMENT_TEAM = BBZU37T9NT;
				GENERATE_INFOPLIST_FILE = YES;
				INFOPLIST_FILE = "KanjiWatch Complications/Info.plist";
				INFOPLIST_KEY_CFBundleDisplayName = "Kanji Watch";
				LD_RUNPATH_SEARCH_PATHS = (
					"$(inherited)",
					"@executable_path/Frameworks",
					"@executable_path/../../Frameworks",
				);
				MARKETING_VERSION = 1.0;
				PRODUCT_BUNDLE_IDENTIFIER = com.marcolp.KanjiWatch.watchkitapp.complications;
				PRODUCT_NAME = "$(TARGET_NAME)";
				SKIP_INSTALL = YES;
				SUPPORTED_PLATFORMS = "watchos watchsimulator";
				SWIFT_DEFAULT_ACTOR_ISOLATION = nonisolated;
				SWIFT_EMIT_LOC_STRINGS = YES;
				TARGETED_DEVICE_FAMILY = 4;
			};
			name = Release;
		};
/* End XCBuildConfiguration section */

/* Begin XCConfigurationList section */
		AA000000000000000000F004 /* Build configuration list for PBXNativeTarget "KanjiWatch" */ = {
			isa = XCConfigurationList;
			buildConfigurations = (
				AA000000000000000000F401 /* Debug */,
				AA000000000000000000F402 /* Release */,
			);
			defaultConfigurationIsVisible = 0;
			defaultConfigurationName = Release;
		};
		AA000000000000000000F001 /* Build configuration list for PBXProject "KanjiWatch" */ = {
			isa = XCConfigurationList;
			buildConfigurations = (
				AA000000000000000000F101 /* Debug */,
				AA000000000000000000F102 /* Release */,
			);
			defaultConfigurationIsVisible = 0;
			defaultConfigurationName = Release;
		};
		AA000000000000000000F002 /* Build configuration list for PBXNativeTarget "KanjiWatch Watch App" */ = {
			isa = XCConfigurationList;
			buildConfigurations = (
				AA000000000000000000F201 /* Debug */,
				AA000000000000000000F202 /* Release */,
			);
			defaultConfigurationIsVisible = 0;
			defaultConfigurationName = Release;
		};
		AA000000000000000000F003 /* Build configuration list for PBXNativeTarget "KanjiWatch Complications" */ = {
			isa = XCConfigurationList;
			buildConfigurations = (
				AA000000000000000000F301 /* Debug */,
				AA000000000000000000F302 /* Release */,
			);
			defaultConfigurationIsVisible = 0;
			defaultConfigurationName = Release;
		};
/* End XCConfigurationList section */

/* Begin XCLocalSwiftPackageReference section */
		AA0000000000000000002001 /* XCLocalSwiftPackageReference "KanjiKit" */ = {
			isa = XCLocalSwiftPackageReference;
			relativePath = KanjiKit;
		};
/* End XCLocalSwiftPackageReference section */

/* Begin XCSwiftPackageProductDependency section */
		AA0000000000000000001001 /* StudyFeature */ = {
			isa = XCSwiftPackageProductDependency;
			productName = StudyFeature;
		};
		AA0000000000000000001002 /* KanjiData */ = {
			isa = XCSwiftPackageProductDependency;
			productName = KanjiData;
		};
		AA0000000000000000001003 /* KanjiDomain */ = {
			isa = XCSwiftPackageProductDependency;
			productName = KanjiDomain;
		};
		AA0000000000000000001004 /* DesignSystem */ = {
			isa = XCSwiftPackageProductDependency;
			productName = DesignSystem;
		};
		AA0000000000000000001005 /* SettingsFeature */ = {
			isa = XCSwiftPackageProductDependency;
			productName = SettingsFeature;
		};
		AA0000000000000000001006 /* KanjiPurchases */ = {
			isa = XCSwiftPackageProductDependency;
			productName = KanjiPurchases;
		};
		AA0000000000000000001007 /* PaywallFeature */ = {
			isa = XCSwiftPackageProductDependency;
			productName = PaywallFeature;
		};
		AA0000000000000000001008 /* ComplicationFeature */ = {
			isa = XCSwiftPackageProductDependency;
			productName = ComplicationFeature;
		};
		AA0000000000000000001009 /* KanjiData */ = {
			isa = XCSwiftPackageProductDependency;
			productName = KanjiData;
		};
		AA000000000000000000100A /* KanjiDomain */ = {
			isa = XCSwiftPackageProductDependency;
			productName = KanjiDomain;
		};
/* End XCSwiftPackageProductDependency section */
	};
	rootObject = AA000000000000000000FF01 /* Project object */;
}
